
Microsoft Visual Studio Solution File, Format Version 12.00
# Visual Studio Version 16
VisualStudioVersion = 16.0.31019.35
MinimumVisualStudioVersion = 10.0.40219.1
Project("{FAE04EC0-301F-11D3-BF4B-00C04F79EFBC}") = "Gifter", "Gifter\Gifter.csproj", "{DDBF6895-A424-4D8E-929D-F14A7D8A9F00}"
EndProject
Global
	GlobalSection(SolutionConfigurationPlatforms) = preSolution
		Debug|Any CPU = Debug|Any CPU
		Release|Any CPU = Release|Any CPU
	EndGlobalSection
	GlobalSection(ProjectConfigurationPlatforms) = postSolution
		{DDBF6895-A424-4D8E-929D-F14A7D8A9F00}.Debug|Any CPU.ActiveCfg = Debug|Any CPU
		{DDBF6895-A424-4D8E-929D-F14A7D8A9F00}.Debug|Any CPU.Build.0 = Debug|Any CPU
		{DDBF6895-A424-4D8E-929D-F14A7D8A9F00}.Release|Any CPU.ActiveCfg = Release|Any CPU
		{DDBF6895-A424-4D8E-929D-F14A7D8A9F00}.Release|Any CPU.Build.0 = Release|Any CPU
	EndGlobalSection
	GlobalSection(SolutionProperties) = preSolution
		HideSolutionNode = FALSE
	EndGlobalSection
	GlobalSection(ExtensibilityGlobals) = postSolution
		SolutionGuid = {281AC3A5-9676-42FB-8C9C-8DA25D1A3F3A}
	EndGlobalSection
EndGlobal
